// !$*UTF8*$!
{
	archiveVersion = 1;
	classes = {
	};
	objectVersion = 51;
	objects = {

/* Begin PBXBuildFile section */
		026BA08E6EF1BA93E9846767 /* Pods_ParstagramTests.framework in Frameworks */ = {isa = PBXBuildFile; fileRef = BD5F43272067B0D26C9CBAB1 /* Pods_ParstagramTests.framework */; };
		44A395103C2D5AE74DB90C4F /* Pods_Parstagram_ParstagramUITests.framework in Frameworks */ = {isa = PBXBuildFile; fileRef = 1CE0EEA328B235D33D5A122E /* Pods_Parstagram_ParstagramUITests.framework */; };
		897E1D2A0B5B33CFC50EF5DE /* Pods_Parstagram.framework in Frameworks */ = {isa = PBXBuildFile; fileRef = 337A095E60B08C126E751B54 /* Pods_Parstagram.framework */; };
		A181E045253E9AE300E2A3A5 /* LoginViewController.swift in Sources */ = {isa = PBXBuildFile; fileRef = A181E044253E9AE300E2A3A5 /* LoginViewController.swift */; };
		A181E047253E9B0D00E2A3A5 /* FeedViewController.swift in Sources */ = {isa = PBXBuildFile; fileRef = A181E046253E9B0D00E2A3A5 /* FeedViewController.swift */; };
		A196CFE4253E96D3005AC11D /* AppDelegate.swift in Sources */ = {isa = PBXBuildFile; fileRef = A196CFE3253E96D3005AC11D /* AppDelegate.swift */; };
		A196CFE6253E96D3005AC11D /* SceneDelegate.swift in Sources */ = {isa = PBXBuildFile; fileRef = A196CFE5253E96D3005AC11D /* SceneDelegate.swift */; };
		A196CFEB253E96D3005AC11D /* Main.storyboard in Resources */ = {isa = PBXBuildFile; fileRef = A196CFE9253E96D3005AC11D /* Main.storyboard */; };
		A196CFED253E96D5005AC11D /* Assets.xcassets in Resources */ = {isa = PBXBuildFile; fileRef = A196CFEC253E96D5005AC11D /* Assets.xcassets */; };
		A196CFF0253E96D5005AC11D /* LaunchScreen.storyboard in Resources */ = {isa = PBXBuildFile; fileRef = A196CFEE253E96D5005AC11D /* LaunchScreen.storyboard */; };
		A196CFFB253E96D5005AC11D /* ParstagramTests.swift in Sources */ = {isa = PBXBuildFile; fileRef = A196CFFA253E96D5005AC11D /* ParstagramTests.swift */; };
		A196D006253E96D5005AC11D /* ParstagramUITests.swift in Sources */ = {isa = PBXBuildFile; fileRef = A196D005253E96D5005AC11D /* ParstagramUITests.swift */; };
		A1D6DF53254D2DC100D4E64D /* CommentCell.swift in Sources */ = {isa = PBXBuildFile; fileRef = A1D6DF52254D2DC100D4E64D /* CommentCell.swift */; };
		A1FB1091253F76AC005D8281 /* CameraViewController.swift in Sources */ = {isa = PBXBuildFile; fileRef = A1FB1090253F76AC005D8281 /* CameraViewController.swift */; };
		A1FB1093253FE689005D8281 /* PostCell.swift in Sources */ = {isa = PBXBuildFile; fileRef = A1FB1092253FE689005D8281 /* PostCell.swift */; };
/* End PBXBuildFile section */

/* Begin PBXContainerItemProxy section */
		A196CFF7253E96D5005AC11D /* PBXContainerItemProxy */ = {
			isa = PBXContainerItemProxy;
			containerPortal = A196CFD8253E96D3005AC11D /* Project object */;
			proxyType = 1;
			remoteGlobalIDString = A196CFDF253E96D3005AC11D;
			remoteInfo = Parstagram;
		};
		A196D002253E96D5005AC11D /* PBXContainerItemProxy */ = {
			isa = PBXContainerItemProxy;
			containerPortal = A196CFD8253E96D3005AC11D /* Project object */;
			proxyType = 1;
			remoteGlobalIDString = A196CFDF253E96D3005AC11D;
			remoteInfo = Parstagram;
		};
/* End PBXContainerItemProxy section */

/* Begin PBXFileReference section */
		1CE0EEA328B235D33D5A122E /* Pods_Parstagram_ParstagramUITests.framework */ = {isa = PBXFileReference; explicitFileType = wrapper.framework; includeInIndex = 0; path = Pods_Parstagram_ParstagramUITests.framework; sourceTree = BUILT_PRODUCTS_DIR; };
		32FE121D6AC9BF7A8095FE24 /* Pods-ParstagramTests.release.xcconfig */ = {isa = PBXFileReference; includeInIndex = 1; lastKnownFileType = text.xcconfig; name = "Pods-ParstagramTests.release.xcconfig"; path = "Target Support Files/Pods-ParstagramTests/Pods-ParstagramTests.release.xcconfig"; sourceTree = "<group>"; };
		337A095E60B08C126E751B54 /* Pods_Parstagram.framework */ = {isa = PBXFileReference; explicitFileType = wrapper.framework; includeInIndex = 0; path = Pods_Parstagram.framework; sourceTree = BUILT_PRODUCTS_DIR; };
		569CB3A58BDCF98A23E0F3D7 /* Pods-ParstagramTests.debug.xcconfig */ = {isa = PBXFileReference; includeInIndex = 1; lastKnownFileType = text.xcconfig; name = "Pods-ParstagramTests.debug.xcconfig"; path = "Target Support Files/Pods-ParstagramTests/Pods-ParstagramTests.debug.xcconfig"; sourceTree = "<group>"; };
		759DA52730ABCFE89C7C82B5 /* Pods-Parstagram-ParstagramUITests.release.xcconfig */ = {isa = PBXFileReference; includeInIndex = 1; lastKnownFileType = text.xcconfig; name = "Pods-Parstagram-ParstagramUITests.release.xcconfig"; path = "Target Support Files/Pods-Parstagram-ParstagramUITests/Pods-Parstagram-ParstagramUITests.release.xcconfig"; sourceTree = "<group>"; };
		7912CE0DFAF28855AC44933F /* Pods-Parstagram.debug.xcconfig */ = {isa = PBXFileReference; includeInIndex = 1; lastKnownFileType = text.xcconfig; name = "Pods-Parstagram.debug.xcconfig"; path = "Target Support Files/Pods-Parstagram/Pods-Parstagram.debug.xcconfig"; sourceTree = "<group>"; };
		8D809517842CF5004D22EC5D /* Pods-Parstagram.release.xcconfig */ = {isa = PBXFileReference; includeInIndex = 1; lastKnownFileType = text.xcconfig; name = "Pods-Parstagram.release.xcconfig"; path = "Target Support Files/Pods-Parstagram/Pods-Parstagram.release.xcconfig"; sourceTree = "<group>"; };
		A181E044253E9AE300E2A3A5 /* LoginViewController.swift */ = {isa = PBXFileReference; lastKnownFileType = sourcecode.swift; path = LoginViewController.swift; sourceTree = "<group>"; };
		A181E046253E9B0D00E2A3A5 /* FeedViewController.swift */ = {isa = PBXFileReference; lastKnownFileType = sourcecode.swift; path = FeedViewController.swift; sourceTree = "<group>"; };
		A196CFE0253E96D3005AC11D /* Parstagram.app */ = {isa = PBXFileReference; explicitFileType = wrapper.application; includeInIndex = 0; path = Parstagram.app; sourceTree = BUILT_PRODUCTS_DIR; };
		A196CFE3253E96D3005AC11D /* AppDelegate.swift */ = {isa = PBXFileReference; lastKnownFileType = sourcecode.swift; path = AppDelegate.swift; sourceTree = "<group>"; };
		A196CFE5253E96D3005AC11D /* SceneDelegate.swift */ = {isa = PBXFileReference; lastKnownFileType = sourcecode.swift; path = SceneDelegate.swift; sourceTree = "<group>"; };
		A196CFEA253E96D3005AC11D /* Base */ = {isa = PBXFileReference; lastKnownFileType = file.storyboard; name = Base; path = Base.lproj/Main.storyboard; sourceTree = "<group>"; };
		A196CFEC253E96D5005AC11D /* Assets.xcassets */ = {isa = PBXFileReference; lastKnownFileType = folder.assetcatalog; path = Assets.xcassets; sourceTree = "<group>"; };
		A196CFEF253E96D5005AC11D /* Base */ = {isa = PBXFileReference; lastKnownFileType = file.storyboard; name = Base; path = Base.lproj/LaunchScreen.storyboard; sourceTree = "<group>"; };
		A196CFF1253E96D5005AC11D /* Info.plist */ = {isa = PBXFileReference; lastKnownFileType = text.plist.xml; path = Info.plist; sourceTree = "<group>"; };
		A196CFF6253E96D5005AC11D /* ParstagramTests.xctest */ = {isa = PBXFileReference; explicitFileType = wrapper.cfbundle; includeInIndex = 0; path = ParstagramTests.xctest; sourceTree = BUILT_PRODUCTS_DIR; };
		A196CFFA253E96D5005AC11D /* ParstagramTests.swift */ = {isa = PBXFileReference; lastKnownFileType = sourcecode.swift; path = ParstagramTests.swift; sourceTree = "<group>"; };
		A196CFFC253E96D5005AC11D /* Info.plist */ = {isa = PBXFileReference; lastKnownFileType = text.plist.xml; path = Info.plist; sourceTree = "<group>"; };
		A196D001253E96D5005AC11D /* ParstagramUITests.xctest */ = {isa = PBXFileReference; explicitFileType = wrapper.cfbundle; includeInIndex = 0; path = ParstagramUITests.xctest; sourceTree = BUILT_PRODUCTS_DIR; };
		A196D005253E96D5005AC11D /* ParstagramUITests.swift */ = {isa = PBXFileReference; lastKnownFileType = sourcecode.swift; path = ParstagramUITests.swift; sourceTree = "<group>"; };
		A196D007253E96D5005AC11D /* Info.plist */ = {isa = PBXFileReference; lastKnownFileType = text.plist.xml; path = Info.plist; sourceTree = "<group>"; };
		A1D6DF52254D2DC100D4E64D /* CommentCell.swift */ = {isa = PBXFileReference; lastKnownFileType = sourcecode.swift; path = CommentCell.swift; sourceTree = "<group>"; };
		A1FB1090253F76AC005D8281 /* CameraViewController.swift */ = {isa = PBXFileReference; lastKnownFileType = sourcecode.swift; path = CameraViewController.swift; sourceTree = "<group>"; };
		A1FB1092253FE689005D8281 /* PostCell.swift */ = {isa = PBXFileReference; lastKnownFileType = sourcecode.swift; path = PostCell.swift; sourceTree = "<group>"; };
		BD5F43272067B0D26C9CBAB1 /* Pods_ParstagramTests.framework */ = {isa = PBXFileReference; explicitFileType = wrapper.framework; includeInIndex = 0; path = Pods_ParstagramTests.framework; sourceTree = BUILT_PRODUCTS_DIR; };
		E73641BC5F9F58ACA0EAB17C /* Pods-Parstagram-ParstagramUITests.debug.xcconfig */ = {isa = PBXFileReference; includeInIndex = 1; lastKnownFileType = text.xcconfig; name = "Pods-Parstagram-ParstagramUITests.debug.xcconfig"; path = "Target Support Files/Pods-Parstagram-ParstagramUITests/Pods-Parstagram-ParstagramUITests.debug.xcconfig"; sourceTree = "<group>"; };
/* End PBXFileReference section */

/* Begin PBXFrameworksBuildPhase section */
		A196CFDD253E96D3005AC11D /* Frameworks */ = {
			isa = PBXFrameworksBuildPhase;
			buildActionMask = 2147483647;
			files = (
				897E1D2A0B5B33CFC50EF5DE /* Pods_Parstagram.framework in Frameworks */,
			);
			runOnlyForDeploymentPostprocessing = 0;
		};
		A196CFF3253E96D5005AC11D /* Frameworks */ = {
			isa = PBXFrameworksBuildPhase;
			buildActionMask = 2147483647;
			files = (
				026BA08E6EF1BA93E9846767 /* Pods_ParstagramTests.framework in Frameworks */,
			);
			runOnlyForDeploymentPostprocessing = 0;
		};
		A196CFFE253E96D5005AC11D /* Frameworks */ = {
			isa = PBXFrameworksBuildPhase;
			buildActionMask = 2147483647;
			files = (
				44A395103C2D5AE74DB90C4F /* Pods_Parstagram_ParstagramUITests.framework in Frameworks */,
			);
			runOnlyForDeploymentPostprocessing = 0;
		};
/* End PBXFrameworksBuildPhase section */

/* Begin PBXGroup section */
		01560CF94152357019C4EE53 /* Frameworks */ = {
			isa = PBXGroup;
			children = (
				337A095E60B08C126E751B54 /* Pods_Parstagram.framework */,
				1CE0EEA328B235D33D5A122E /* Pods_Parstagram_ParstagramUITests.framework */,
				BD5F43272067B0D26C9CBAB1 /* Pods_ParstagramTests.framework */,
			);
			name = Frameworks;
			sourceTree = "<group>";
		};
		29DEBA73F54A2B4AC9B1505A /* Pods */ = {
			isa = PBXGroup;
			children = (
				7912CE0DFAF28855AC44933F /* Pods-Parstagram.debug.xcconfig */,
				8D809517842CF5004D22EC5D /* Pods-Parstagram.release.xcconfig */,
				E73641BC5F9F58ACA0EAB17C /* Pods-Parstagram-ParstagramUITests.debug.xcconfig */,
				759DA52730ABCFE89C7C82B5 /* Pods-Parstagram-ParstagramUITests.release.xcconfig */,
				569CB3A58BDCF98A23E0F3D7 /* Pods-ParstagramTests.debug.xcconfig */,
				32FE121D6AC9BF7A8095FE24 /* Pods-ParstagramTests.release.xcconfig */,
			);
			path = Pods;
			sourceTree = "<group>";
		};
		A196CFD7253E96D3005AC11D = {
			isa = PBXGroup;
			children = (
				A196CFE2253E96D3005AC11D /* Parstagram */,
				A196CFF9253E96D5005AC11D /* ParstagramTests */,
				A196D004253E96D5005AC11D /* ParstagramUITests */,
				A196CFE1253E96D3005AC11D /* Products */,
				29DEBA73F54A2B4AC9B1505A /* Pods */,
				01560CF94152357019C4EE53 /* Frameworks */,
			);
			sourceTree = "<group>";
		};
		A196CFE1253E96D3005AC11D /* Products */ = {
			isa = PBXGroup;
			children = (
				A196CFE0253E96D3005AC11D /* Parstagram.app */,
				A196CFF6253E96D5005AC11D /* ParstagramTests.xctest */,
				A196D001253E96D5005AC11D /* ParstagramUITests.xctest */,
			);
			name = Products;
			sourceTree = "<group>";
		};
		A196CFE2253E96D3005AC11D /* Parstagram */ = {
			isa = PBXGroup;
			children = (
				A196CFE3253E96D3005AC11D /* AppDelegate.swift */,
				A196CFE5253E96D3005AC11D /* SceneDelegate.swift */,
				A196CFE9253E96D3005AC11D /* Main.storyboard */,
				A196CFEC253E96D5005AC11D /* Assets.xcassets */,
				A196CFEE253E96D5005AC11D /* LaunchScreen.storyboard */,
				A196CFF1253E96D5005AC11D /* Info.plist */,
				A181E044253E9AE300E2A3A5 /* LoginViewController.swift */,
				A181E046253E9B0D00E2A3A5 /* FeedViewController.swift */,
				A1FB1090253F76AC005D8281 /* CameraViewController.swift */,
				A1FB1092253FE689005D8281 /* PostCell.swift */,
				A1D6DF52254D2DC100D4E64D /* CommentCell.swift */,
			);
			path = Parstagram;
			sourceTree = "<group>";
		};
		A196CFF9253E96D5005AC11D /* ParstagramTests */ = {
			isa = PBXGroup;
			children = (
				A196CFFA253E96D5005AC11D /* ParstagramTests.swift */,
				A196CFFC253E96D5005AC11D /* Info.plist */,
			);
			path = ParstagramTests;
			sourceTree = "<group>";
		};
		A196D004253E96D5005AC11D /* ParstagramUITests */ = {
			isa = PBXGroup;
			children = (
				A196D005253E96D5005AC11D /* ParstagramUITests.swift */,
				A196D007253E96D5005AC11D /* Info.plist */,
			);
			path = ParstagramUITests;
			sourceTree = "<group>";
		};
/* End PBXGroup section */

/* Begin PBXNativeTarget section */
		A196CFDF253E96D3005AC11D /* Parstagram */ = {
			isa = PBXNativeTarget;
			buildConfigurationList = A196D00A253E96D5005AC11D /* Build configuration list for PBXNativeTarget "Parstagram" */;
			buildPhases = (
				C6EE983EA18F3B3A04488359 /* [CP] Check Pods Manifest.lock */,
				A196CFDC253E96D3005AC11D /* Sources */,
				A196CFDD253E96D3005AC11D /* Frameworks */,
				A196CFDE253E96D3005AC11D /* Resources */,
				43B47ED3A477B460D95A18D7 /* [CP] Embed Pods Frameworks */,
			);
			buildRules = (
			);
			dependencies = (
			);
			name = Parstagram;
			productName = Parstagram;
			productReference = A196CFE0253E96D3005AC11D /* Parstagram.app */;
			productType = "com.apple.product-type.application";
		};
		A196CFF5253E96D5005AC11D /* ParstagramTests */ = {
			isa = PBXNativeTarget;
			buildConfigurationList = A196D00D253E96D5005AC11D /* Build configuration list for PBXNativeTarget "ParstagramTests" */;
			buildPhases = (
				FF22532117444D0E258C417F /* [CP] Check Pods Manifest.lock */,
				A196CFF2253E96D5005AC11D /* Sources */,
				A196CFF3253E96D5005AC11D /* Frameworks */,
				A196CFF4253E96D5005AC11D /* Resources */,
			);
			buildRules = (
			);
			dependencies = (
				A196CFF8253E96D5005AC11D /* PBXTargetDependency */,
			);
			name = ParstagramTests;
			productName = ParstagramTests;
			productReference = A196CFF6253E96D5005AC11D /* ParstagramTests.xctest */;
			productType = "com.apple.product-type.bundle.unit-test";
		};
		A196D000253E96D5005AC11D /* ParstagramUITests */ = {
			isa = PBXNativeTarget;
			buildConfigurationList = A196D010253E96D5005AC11D /* Build configuration list for PBXNativeTarget "ParstagramUITests" */;
			buildPhases = (
				9CB99DC0B878128357923E2A /* [CP] Check Pods Manifest.lock */,
				A196CFFD253E96D5005AC11D /* Sources */,
				A196CFFE253E96D5005AC11D /* Frameworks */,
				A196CFFF253E96D5005AC11D /* Resources */,
				EEB4EA9FF6EE194FFDC741F8 /* [CP] Embed Pods Frameworks */,
			);
			buildRules = (
			);
			dependencies = (
				A196D003253E96D5005AC11D /* PBXTargetDependency */,
			);
			name = ParstagramUITests;
			productName = ParstagramUITests;
			productReference = A196D001253E96D5005AC11D /* ParstagramUITests.xctest */;
			productType = "com.apple.product-type.bundle.ui-testing";
		};
/* End PBXNativeTarget section */

/* Begin PBXProject section */
		A196CFD8253E96D3005AC11D /* Project object */ = {
			isa = PBXProject;
			attributes = {
				LastSwiftUpdateCheck = 1130;
				LastUpgradeCheck = 1130;
				ORGANIZATIONNAME = Codepath;
				TargetAttributes = {
					A196CFDF253E96D3005AC11D = {
						CreatedOnToolsVersion = 11.3.1;
					};
					A196CFF5253E96D5005AC11D = {
						CreatedOnToolsVersion = 11.3.1;
						TestTargetID = A196CFDF253E96D3005AC11D;
					};
					A196D000253E96D5005AC11D = {
						CreatedOnToolsVersion = 11.3.1;
						TestTargetID = A196CFDF253E96D3005AC11D;
					};
				};
			};
			buildConfigurationList = A196CFDB253E96D3005AC11D /* Build configuration list for PBXProject "Parstagram" */;
			compatibilityVersion = "Xcode 9.3";
			developmentRegion = en;
			hasScannedForEncodings = 0;
			knownRegions = (
				en,
				Base,
			);
			mainGroup = A196CFD7253E96D3005AC11D;
			productRefGroup = A196CFE1253E96D3005AC11D /* Products */;
			projectDirPath = "";
			projectRoot = "";
			targets = (
				A196CFDF253E96D3005AC11D /* Parstagram */,
				A196CFF5253E96D5005AC11D /* ParstagramTests */,
				A196D000253E96D5005AC11D /* ParstagramUITests */,
			);
		};
/* End PBXProject section */

/* Begin PBXResourcesBuildPhase section */
		A196CFDE253E96D3005AC11D /* Resources */ = {
			isa = PBXResourcesBuildPhase;
			buildActionMask = 2147483647;
			files = (
				A196CFF0253E96D5005AC11D /* LaunchScreen.storyboard in Resources */,
				A196CFED253E96D5005AC11D /* Assets.xcassets in Resources */,
				A196CFEB253E96D3005AC11D /* Main.storyboard in Resources */,
			);
			runOnlyForDeploymentPostprocessing = 0;
		};
		A196CFF4253E96D5005AC11D /* Resources */ = {
			isa = PBXResourcesBuildPhase;
			buildActionMask = 2147483647;
			files = (
			);
			runOnlyForDeploymentPostprocessing = 0;
		};
		A196CFFF253E96D5005AC11D /* Resources */ = {
			isa = PBXResourcesBuildPhase;
			buildActionMask = 2147483647;
			files = (
			);
			runOnlyForDeploymentPostprocessing = 0;
		};
/* End PBXResourcesBuildPhase section */

/* Begin PBXShellScriptBuildPhase section */
		43B47ED3A477B460D95A18D7 /* [CP] Embed Pods Frameworks */ = {
			isa = PBXShellScriptBuildPhase;
			buildActionMask = 2147483647;
			files = (
			);
			inputFileListPaths = (
				"${PODS_ROOT}/Target Support Files/Pods-Parstagram/Pods-Parstagram-frameworks-${CONFIGURATION}-input-files.xcfilelist",
			);
			name = "[CP] Embed Pods Frameworks";
			outputFileListPaths = (
				"${PODS_ROOT}/Target Support Files/Pods-Parstagram/Pods-Parstagram-frameworks-${CONFIGURATION}-output-files.xcfilelist",
			);
			runOnlyForDeploymentPostprocessing = 0;
			shellPath = /bin/sh;
			shellScript = "\"${PODS_ROOT}/Target Support Files/Pods-Parstagram/Pods-Parstagram-frameworks.sh\"\n";
			showEnvVarsInLog = 0;
		};
		9CB99DC0B878128357923E2A /* [CP] Check Pods Manifest.lock */ = {
			isa = PBXShellScriptBuildPhase;
			buildActionMask = 2147483647;
			files = (
			);
			inputFileListPaths = (
			);
			inputPaths = (
				"${PODS_PODFILE_DIR_PATH}/Podfile.lock",
				"${PODS_ROOT}/Manifest.lock",
			);
			name = "[CP] Check Pods Manifest.lock";
			outputFileListPaths = (
			);
			outputPaths = (
				"$(DERIVED_FILE_DIR)/Pods-Parstagram-ParstagramUITests-checkManifestLockResult.txt",
			);
			runOnlyForDeploymentPostprocessing = 0;
			shellPath = /bin/sh;
			shellScript = "diff \"${PODS_PODFILE_DIR_PATH}/Podfile.lock\" \"${PODS_ROOT}/Manifest.lock\" > /dev/null\nif [ $? != 0 ] ; then\n    # print error to STDERR\n    echo \"error: The sandbox is not in sync with the Podfile.lock. Run 'pod install' or update your CocoaPods installation.\" >&2\n    exit 1\nfi\n# This output is used by Xcode 'outputs' to avoid re-running this script phase.\necho \"SUCCESS\" > \"${SCRIPT_OUTPUT_FILE_0}\"\n";
			showEnvVarsInLog = 0;
		};
		C6EE983EA18F3B3A04488359 /* [CP] Check Pods Manifest.lock */ = {
			isa = PBXShellScriptBuildPhase;
			buildActionMask = 2147483647;
			files = (
			);
			inputFileListPaths = (
			);
			inputPaths = (
				"${PODS_PODFILE_DIR_PATH}/Podfile.lock",
				"${PODS_ROOT}/Manifest.lock",
			);
			name = "[CP] Check Pods Manifest.lock";
			outputFileListPaths = (
			);
			outputPaths = (
				"$(DERIVED_FILE_DIR)/Pods-Parstagram-checkManifestLockResult.txt",
			);
			runOnlyForDeploymentPostprocessing = 0;
			shellPath = /bin/sh;
			shellScript = "diff \"${PODS_PODFILE_DIR_PATH}/Podfile.lock\" \"${PODS_ROOT}/Manifest.lock\" > /dev/null\nif [ $? != 0 ] ; then\n    # print error to STDERR\n    echo \"error: The sandbox is not in sync with the Podfile.lock. Run 'pod install' or update your CocoaPods installation.\" >&2\n    exit 1\nfi\n# This output is used by Xcode 'outputs' to avoid re-running this script phase.\necho \"SUCCESS\" > \"${SCRIPT_OUTPUT_FILE_0}\"\n";
			showEnvVarsInLog = 0;
		};
		EEB4EA9FF6EE194FFDC741F8 /* [CP] Embed Pods Frameworks */ = {
			isa = PBXShellScriptBuildPhase;
			buildActionMask = 2147483647;
			files = (
			);
			inputFileListPaths = (
				"${PODS_ROOT}/Target Support Files/Pods-Parstagram-ParstagramUITests/Pods-Parstagram-ParstagramUITests-frameworks-${CONFIGURATION}-input-files.xcfilelist",
			);
			name = "[CP] Embed Pods Frameworks";
			outputFileListPaths = (
				"${PODS_ROOT}/Target Support Files/Pods-Parstagram-ParstagramUITests/Pods-Parstagram-ParstagramUITests-frameworks-${CONFIGURATION}-output-files.xcfilelist",
			);
			runOnlyForDeploymentPostprocessing = 0;
			shellPath = /bin/sh;
			shellScript = "\"${PODS_ROOT}/Target Support Files/Pods-Parstagram-ParstagramUITests/Pods-Parstagram-ParstagramUITests-frameworks.sh\"\n";
			showEnvVarsInLog = 0;
		};
		FF22532117444D0E258C417F /* [CP] Check Pods Manifest.lock */ = {
			isa = PBXShellScriptBuildPhase;
			buildActionMask = 2147483647;
			files = (
			);
			inputFileListPaths = (
			);
			inputPaths = (
				"${PODS_PODFILE_DIR_PATH}/Podfile.lock",
				"${PODS_ROOT}/Manifest.lock",
			);
			name = "[CP] Check Pods Manifest.lock";
			outputFileListPaths = (
			);
			outputPaths = (
				"$(DERIVED_FILE_DIR)/Pods-ParstagramTests-checkManifestLockResult.txt",
			);
			runOnlyForDeploymentPostprocessing = 0;
			shellPath = /bin/sh;
			shellScript = "diff \"${PODS_PODFILE_DIR_PATH}/Podfile.lock\" \"${PODS_ROOT}/Manifest.lock\" > /dev/null\nif [ $? != 0 ] ; then\n    # print error to STDERR\n    echo \"error: The sandbox is not in sync with the Podfile.lock. Run 'pod install' or update your CocoaPods installation.\" >&2\n    exit 1\nfi\n# This output is used by Xcode 'outputs' to avoid re-running this script phase.\necho \"SUCCESS\" > \"${SCRIPT_OUTPUT_FILE_0}\"\n";
			showEnvVarsInLog = 0;
		};
/* End PBXShellScriptBuildPhase section */

/* Begin PBXSourcesBuildPhase section */
		A196CFDC253E96D3005AC11D /* Sources */ = {
			isa = PBXSourcesBuildPhase;
			buildActionMask = 2147483647;
			files = (
				A181E045253E9AE300E2A3A5 /* LoginViewController.swift in Sources */,
				A1FB1091253F76AC005D8281 /* CameraViewController.swift in Sources */,
				A196CFE4253E96D3005AC11D /* AppDelegate.swift in Sources */,
				A181E047253E9B0D00E2A3A5 /* FeedViewController.swift in Sources */,
				A196CFE6253E96D3005AC11D /* SceneDelegate.swift in Sources */,
				A1FB1093253FE689005D8281 /* PostCell.swift in Sources */,
				A1D6DF53254D2DC100D4E64D /* CommentCell.swift in Sources */,
			);
			runOnlyForDeploymentPostprocessing = 0;
		};
		A196CFF2253E96D5005AC11D /* Sources */ = {
			isa = PBXSourcesBuildPhase;
			buildActionMask = 2147483647;
			files = (
				A196CFFB253E96D5005AC11D /* ParstagramTests.swift in Sources */,
			);
			runOnlyForDeploymentPostprocessing = 0;
		};
		A196CFFD253E96D5005AC11D /* Sources */ = {
			isa = PBXSourcesBuildPhase;
			buildActionMask = 2147483647;
			files = (
				A196D006253E96D5005AC11D /* ParstagramUITests.swift in Sources */,
			);
			runOnlyForDeploymentPostprocessing = 0;
		};
/* End PBXSourcesBuildPhase section */

/* Begin PBXTargetDependency section */
		A196CFF8253E96D5005AC11D /* PBXTargetDependency */ = {
			isa = PBXTargetDependency;
			target = A196CFDF253E96D3005AC11D /* Parstagram */;
			targetProxy = A196CFF7253E96D5005AC11D /* PBXContainerItemProxy */;
		};
		A196D003253E96D5005AC11D /* PBXTargetDependency */ = {
			isa = PBXTargetDependency;
			target = A196CFDF253E96D3005AC11D /* Parstagram */;
			targetProxy = A196D002253E96D5005AC11D /* PBXContainerItemProxy */;
		};
/* End PBXTargetDependency section */

/* Begin PBXVariantGroup section */
		A196CFE9253E96D3005AC11D /* Main.storyboard */ = {
			isa = PBXVariantGroup;
			children = (
				A196CFEA253E96D3005AC11D /* Base */,
			);
			name = Main.storyboard;
			sourceTree = "<group>";
		};
		A196CFEE253E96D5005AC11D /* LaunchScreen.storyboard */ = {
			isa = PBXVariantGroup;
			children = (
				A196CFEF253E96D5005AC11D /* Base */,
			);
			name = LaunchScreen.storyboard;
			sourceTree = "<group>";
		};
/* End PBXVariantGroup section */

/* Begin XCBuildConfiguration section */
		A196D008253E96D5005AC11D /* Debug */ = {
			isa = XCBuildConfiguration;
			buildSettings = {
				ALWAYS_SEARCH_USER_PATHS = NO;
				CLANG_ANALYZER_NONNULL = YES;
				CLANG_ANALYZER_NUMBER_OBJECT_CONVERSION = YES_AGGRESSIVE;
				CLANG_CXX_LANGUAGE_STANDARD = "gnu++14";
				CLANG_CXX_LIBRARY = "libc++";
				CLANG_ENABLE_MODULES = YES;
				CLANG_ENABLE_OBJC_ARC = YES;
				CLANG_ENABLE_OBJC_WEAK = YES;
				CLANG_WARN_BLOCK_CAPTURE_AUTORELEASING = YES;
				CLANG_WARN_BOOL_CONVERSION = YES;
				CLANG_WARN_COMMA = YES;
				CLANG_WARN_CONSTANT_CONVERSION = YES;
				CLANG_WARN_DEPRECATED_OBJC_IMPLEMENTATIONS = YES;
				CLANG_WARN_DIRECT_OBJC_ISA_USAGE = YES_ERROR;
				CLANG_WARN_DOCUMENTATION_COMMENTS = YES;
				CLANG_WARN_EMPTY_BODY = YES;
				CLANG_WARN_ENUM_CONVERSION = YES;
				CLANG_WARN_INFINITE_RECURSION = YES;
				CLANG_WARN_INT_CONVERSION = YES;
				CLANG_WARN_NON_LITERAL_NULL_CONVERSION = YES;
				CLANG_WARN_OBJC_IMPLICIT_RETAIN_SELF = YES;
				CLANG_WARN_OBJC_LITERAL_CONVERSION = YES;
				CLANG_WARN_OBJC_ROOT_CLASS = YES_ERROR;
				CLANG_WARN_RANGE_LOOP_ANALYSIS = YES;
				CLANG_WARN_STRICT_PROTOTYPES = YES;
				CLANG_WARN_SUSPICIOUS_MOVE = YES;
				CLANG_WARN_UNGUARDED_AVAILABILITY = YES_AGGRESSIVE;
				CLANG_WARN_UNREACHABLE_CODE = YES;
				CLANG_WARN__DUPLICATE_METHOD_MATCH = YES;
				COPY_PHASE_STRIP = NO;
				DEBUG_INFORMATION_FORMAT = dwarf;
				ENABLE_STRICT_OBJC_MSGSEND = YES;
				ENABLE_TESTABILITY = YES;
				GCC_C_LANGUAGE_STANDARD = gnu11;
				GCC_DYNAMIC_NO_PIC = NO;
				GCC_NO_COMMON_BLOCKS = YES;
				GCC_OPTIMIZATION_LEVEL = 0;
				GCC_PREPROCESSOR_DEFINITIONS = (
					"DEBUG=1",
					"$(inherited)",
				);
				GCC_WARN_64_TO_32_BIT_CONVERSION = YES;
				GCC_WARN_ABOUT_RETURN_TYPE = YES_ERROR;
				GCC_WARN_UNDECLARED_SELECTOR = YES;
				GCC_WARN_UNINITIALIZED_AUTOS = YES_AGGRESSIVE;
				GCC_WARN_UNUSED_FUNCTION = YES;
				GCC_WARN_UNUSED_VARIABLE = YES;
				IPHONEOS_DEPLOYMENT_TARGET = 13.2;
				MTL_ENABLE_DEBUG_INFO = INCLUDE_SOURCE;
				MTL_FAST_MATH = YES;
				ONLY_ACTIVE_ARCH = YES;
				SDKROOT = iphoneos;
				SWIFT_ACTIVE_COMPILATION_CONDITIONS = DEBUG;
				SWIFT_OPTIMIZATION_LEVEL = "-Onone";
			};
			name = Debug;
		};
		A196D009253E96D5005AC11D /* Release */ = {
			isa = XCBuildConfiguration;
			buildSettings = {
				ALWAYS_SEARCH_USER_PATHS = NO;
				CLANG_ANALYZER_NONNULL = YES;
				CLANG_ANALYZER_NUMBER_OBJECT_CONVERSION = YES_AGGRESSIVE;
				CLANG_CXX_LANGUAGE_STANDARD = "gnu++14";
				CLANG_CXX_LIBRARY = "libc++";
				CLANG_ENABLE_MODULES = YES;
				CLANG_ENABLE_OBJC_ARC = YES;
				CLANG_ENABLE_OBJC_WEAK = YES;
				CLANG_WARN_BLOCK_CAPTURE_AUTORELEASING = YES;
				CLANG_WARN_BOOL_CONVERSION = YES;
				CLANG_WARN_COMMA = YES;
				CLANG_WARN_CONSTANT_CONVERSION = YES;
				CLANG_WARN_DEPRECATED_OBJC_IMPLEMENTATIONS = YES;
				CLANG_WARN_DIRECT_OBJC_ISA_USAGE = YES_ERROR;
				CLANG_WARN_DOCUMENTATION_COMMENTS = YES;
				CLANG_WARN_EMPTY_BODY = YES;
				CLANG_WARN_ENUM_CONVERSION = YES;
				CLANG_WARN_INFINITE_RECURSION = YES;
				CLANG_WARN_INT_CONVERSION = YES;
				CLANG_WARN_NON_LITERAL_NULL_CONVERSION = YES;
				CLANG_WARN_OBJC_IMPLICIT_RETAIN_SELF = YES;
				CLANG_WARN_OBJC_LITERAL_CONVERSION = YES;
				CLANG_WARN_OBJC_ROOT_CLASS = YES_ERROR;
				CLANG_WARN_RANGE_LOOP_ANALYSIS = YES;
				CLANG_WARN_STRICT_PROTOTYPES = YES;
				CLANG_WARN_SUSPICIOUS_MOVE = YES;
				CLANG_WARN_UNGUARDED_AVAILABILITY = YES_AGGRESSIVE;
				CLANG_WARN_UNREACHABLE_CODE = YES;
				CLANG_WARN__DUPLICATE_METHOD_MATCH = YES;
				COPY_PHASE_STRIP = NO;
				DEBUG_INFORMATION_FORMAT = "dwarf-with-dsym";
				ENABLE_NS_ASSERTIONS = NO;
				ENABLE_STRICT_OBJC_MSGSEND = YES;
				GCC_C_LANGUAGE_STANDARD = gnu11;
				GCC_NO_COMMON_BLOCKS = YES;
				GCC_WARN_64_TO_32_BIT_CONVERSION = YES;
				GCC_WARN_ABOUT_RETURN_TYPE = YES_ERROR;
				GCC_WARN_UNDECLARED_SELECTOR = YES;
				GCC_WARN_UNINITIALIZED_AUTOS = YES_AGGRESSIVE;
				GCC_WARN_UNUSED_FUNCTION = YES;
				GCC_WARN_UNUSED_VARIABLE = YES;
				IPHONEOS_DEPLOYMENT_TARGET = 13.2;
				MTL_ENABLE_DEBUG_INFO = NO;
				MTL_FAST_MATH = YES;
				SDKROOT = iphoneos;
				SWIFT_COMPILATION_MODE = wholemodule;
				SWIFT_OPTIMIZATION_LEVEL = "-O";
				VALIDATE_PRODUCT = YES;
			};
			name = Release;
		};
		A196D00B253E96D5005AC11D /* Debug */ = {
			isa = XCBuildConfiguration;
			baseConfigurationReference = 7912CE0DFAF28855AC44933F /* Pods-Parstagram.debug.xcconfig */;
			buildSettings = {
				ASSETCATALOG_COMPILER_APPICON_NAME = AppIcon;
				CODE_SIGN_STYLE = Automatic;
				INFOPLIST_FILE = Parstagram/Info.plist;
				LD_RUNPATH_SEARCH_PATHS = (
					"$(inherited)",
					"@executable_path/Frameworks",
				);
				PRODUCT_BUNDLE_IDENTIFIER = Codepath.Parstagram;
				PRODUCT_NAME = "$(TARGET_NAME)";
				SWIFT_VERSION = 5.0;
				TARGETED_DEVICE_FAMILY = "1,2";
			};
			name = Debug;
		};
		A196D00C253E96D5005AC11D /* Release */ = {
			isa = XCBuildConfiguration;
			baseConfigurationReference = 8D809517842CF5004D22EC5D /* Pods-Parstagram.release.xcconfig */;
			buildSettings = {
				ASSETCATALOG_COMPILER_APPICON_NAME = AppIcon;
				CODE_SIGN_STYLE = Automatic;
				INFOPLIST_FILE = Parstagram/Info.plist;
				LD_RUNPATH_SEARCH_PATHS = (
					"$(inherited)",
					"@executable_path/Frameworks",
				);
				PRODUCT_BUNDLE_IDENTIFIER = Codepath.Parstagram;
				PRODUCT_NAME = "$(TARGET_NAME)";
				SWIFT_VERSION = 5.0;
				TARGETED_DEVICE_FAMILY = "1,2";
			};
			name = Release;
		};
		A196D00E253E96D5005AC11D /* Debug */ = {
			isa = XCBuildConfiguration;
			baseConfigurationReference = 569CB3A58BDCF98A23E0F3D7 /* Pods-ParstagramTests.debug.xcconfig */;
			buildSettings = {
				ALWAYS_EMBED_SWIFT_STANDARD_LIBRARIES = YES;
				BUNDLE_LOADER = "$(TEST_HOST)";
				CODE_SIGN_STYLE = Automatic;
				INFOPLIST_FILE = ParstagramTests/Info.plist;
				IPHONEOS_DEPLOYMENT_TARGET = 13.2;
				LD_RUNPATH_SEARCH_PATHS = (
					"$(inherited)",
					"@executable_path/Frameworks",
					"@loader_path/Frameworks",
				);
				PRODUCT_BUNDLE_IDENTIFIER = Codepath.ParstagramTests;
				PRODUCT_NAME = "$(TARGET_NAME)";
				SWIFT_VERSION = 5.0;
				TARGETED_DEVICE_FAMILY = "1,2";
				TEST_HOST = "$(BUILT_PRODUCTS_DIR)/Parstagram.app/Parstagram";
			};
			name = Debug;
		};
		A196D00F253E96D5005AC11D /* Release */ = {
			isa = XCBuildConfiguration;
			baseConfigurationReference = 32FE121D6AC9BF7A8095FE24 /* Pods-ParstagramTests.release.xcconfig */;
			buildSettings = {
				ALWAYS_EMBED_SWIFT_STANDARD_LIBRARIES = YES;
				BUNDLE_LOADER = "$(TEST_HOST)";
				CODE_SIGN_STYLE = Automatic;
				INFOPLIST_FILE = ParstagramTests/Info.plist;
				IPHONEOS_DEPLOYMENT_TARGET = 13.2;
				LD_RUNPATH_SEARCH_PATHS = (
					"$(inherited)",
					"@executable_path/Frameworks",
					"@loader_path/Frameworks",
				);
				PRODUCT_BUNDLE_IDENTIFIER = Codepath.ParstagramTests;
				PRODUCT_NAME = "$(TARGET_NAME)";
				SWIFT_VERSION = 5.0;
				TARGETED_DEVICE_FAMILY = "1,2";
				TEST_HOST = "$(BUILT_PRODUCTS_DIR)/Parstagram.app/Parstagram";
			};
			name = Release;
		};
		A196D011253E96D5005AC11D /* Debug */ = {
			isa = XCBuildConfiguration;
			baseConfigurationReference = E73641BC5F9F58ACA0EAB17C /* Pods-Parstagram-ParstagramUITests.debug.xcconfig */;
			buildSettings = {
				ALWAYS_EMBED_SWIFT_STANDARD_LIBRARIES = YES;
				CODE_SIGN_STYLE = Automatic;
				INFOPLIST_FILE = ParstagramUITests/Info.plist;
				LD_RUNPATH_SEARCH_PATHS = (
					"$(inherited)",
					"@executable_path/Frameworks",
					"@loader_path/Frameworks",
				);
				PRODUCT_BUNDLE_IDENTIFIER = Codepath.ParstagramUITests;
				PRODUCT_NAME = "$(TARGET_NAME)";
				SWIFT_VERSION = 5.0;
				TARGETED_DEVICE_FAMILY = "1,2";
				TEST_TARGET_NAME = Parstagram;
			};
			name = Debug;
		};
		A196D012253E96D5005AC11D /* Release */ = {
			isa = XCBuildConfiguration;
			baseConfigurationReference = 759DA52730ABCFE89C7C82B5 /* Pods-Parstagram-ParstagramUITests.release.xcconfig */;
			buildSettings = {
				ALWAYS_EMBED_SWIFT_STANDARD_LIBRARIES = YES;
				CODE_SIGN_STYLE = Automatic;
				INFOPLIST_FILE = ParstagramUITests/Info.plist;
				LD_RUNPATH_SEARCH_PATHS = (
					"$(inherited)",
					"@executable_path/Frameworks",
					"@loader_path/Frameworks",
				);
				PRODUCT_BUNDLE_IDENTIFIER = Codepath.ParstagramUITests;
				PRODUCT_NAME = "$(TARGET_NAME)";
				SWIFT_VERSION = 5.0;
				TARGETED_DEVICE_FAMILY = "1,2";
				TEST_TARGET_NAME = Parstagram;
			};
			name = Release;
		};
/* End XCBuildConfiguration section */

/* Begin XCConfigurationList section */
		A196CFDB253E96D3005AC11D /* Build configuration list for PBXProject "Parstagram" */ = {
			isa = XCConfigurationList;
			buildConfigurations = (
				A196D008253E96D5005AC11D /* Debug */,
				A196D009253E96D5005AC11D /* Release */,
			);
			defaultConfigurationIsVisible = 0;
			defaultConfigurationName = Release;
		};
		A196D00A253E96D5005AC11D /* Build configuration list for PBXNativeTarget "Parstagram" */ = {
			isa = XCConfigurationList;
			buildConfigurations = (
				A196D00B253E96D5005AC11D /* Debug */,
				A196D00C253E96D5005AC11D /* Release */,
			);
			defaultConfigurationIsVisible = 0;
			defaultConfigurationName = Release;
		};
		A196D00D253E96D5005AC11D /* Build configuration list for PBXNativeTarget "ParstagramTests" */ = {
			isa = XCConfigurationList;
			buildConfigurations = (
				A196D00E253E96D5005AC11D /* Debug */,
				A196D00F253E96D5005AC11D /* Release */,
			);
			defaultConfigurationIsVisible = 0;
			defaultConfigurationName = Release;
		};
		A196D010253E96D5005AC11D /* Build configuration list for PBXNativeTarget "ParstagramUITests" */ = {
			isa = XCConfigurationList;
			buildConfigurations = (
				A196D011253E96D5005AC11D /* Debug */,
				A196D012253E96D5005AC11D /* Release */,
			);
			defaultConfigurationIsVisible = 0;
			defaultConfigurationName = Release;
		};
/* End XCConfigurationList section */
	};
	rootObject = A196CFD8253E96D3005AC11D /* Project object */;
}
